
Microsoft Visual Studio Solution File, Format Version 12.00
# Visual Studio Version 17
VisualStudioVersion = 17.9.34310.174
MinimumVisualStudioVersion = 10.0.40219.1
Project("{FAE04EC0-301F-11D3-BF4B-00C04F79EFBC}") = "MauiComm-IssuePopupGesture", "MauiComm-IssuePopupGesture.csproj", "{2F81EC75-5820-4432-89CA-3C0EF97F268D}"
EndProject
Global
	GlobalSection(SolutionConfigurationPlatforms) = preSolution
		Debug|Any CPU = Debug|Any CPU
		Release|Any CPU = Release|Any CPU
	EndGlobalSection
	GlobalSection(ProjectConfigurationPlatforms) = postSolution
		{2F81EC75-5820-4432-89CA-3C0EF97F268D}.Debug|Any CPU.ActiveCfg = Debug|Any CPU
		{2F81EC75-5820-4432-89CA-3C0EF97F268D}.Debug|Any CPU.Build.0 = Debug|Any CPU
		{2F81EC75-5820-4432-89CA-3C0EF97F268D}.Debug|Any CPU.Deploy.0 = Debug|Any CPU
		{2F81EC75-5820-4432-89CA-3C0EF97F268D}.Release|Any CPU.ActiveCfg = Release|Any CPU
		{2F81EC75-5820-4432-89CA-3C0EF97F268D}.Release|Any CPU.Build.0 = Release|Any CPU
		{2F81EC75-5820-4432-89CA-3C0EF97F268D}.Release|Any CPU.Deploy.0 = Release|Any CPU
	EndGlobalSection
	GlobalSection(SolutionProperties) = preSolution
		HideSolutionNode = FALSE
	EndGlobalSection
	GlobalSection(ExtensibilityGlobals) = postSolution
		SolutionGuid = {BF0C1BC8-CCD7-4817-9AC5-47345CE0BA53}
	EndGlobalSection
EndGlobal
